
Microsoft Visual Studio Solution File, Format Version 12.00
# Visual Studio 15
Project("{FAE04EC0-301F-11D3-BF4B-00C04F79EFBC}") = "Assembly-CSharp", "Assembly-CSharp.csproj", "{8B278A43-67F7-BD8E-2A91-386B70AE9BAC}"
EndProject
Global
	GlobalSection(SolutionConfigurationPlatforms) = preSolution
		Debug|Any CPU = Debug|Any CPU
		Release|Any CPU = Release|Any CPU
	EndGlobalSection
	GlobalSection(ProjectConfigurationPlatforms) = postSolution
		{8B278A43-67F7-BD8E-2A91-386B70AE9BAC}.Debug|Any CPU.ActiveCfg = Debug|Any CPU
		{8B278A43-67F7-BD8E-2A91-386B70AE9BAC}.Debug|Any CPU.Build.0 = Debug|Any CPU
		{8B278A43-67F7-BD8E-2A91-386B70AE9BAC}.Release|Any CPU.ActiveCfg = Release|Any CPU
		{8B278A43-67F7-BD8E-2A91-386B70AE9BAC}.Release|Any CPU.Build.0 = Release|Any CPU
	EndGlobalSection
	GlobalSection(SolutionProperties) = preSolution
		HideSolutionNode = FALSE
	EndGlobalSection
EndGlobal
